
Microsoft Visual Studio Solution File, Format Version 12.00
# Visual Studio Version 16
VisualStudioVersion = 16.6.30114.105
MinimumVisualStudioVersion = 10.0.40219.1
Project("{2150E333-8FDC-42A3-9474-1A3956D46DE8}") = "src", "src", "{FADF873B-67C1-431F-B0F8-87519716FEBC}"
EndProject
Project("{FAE04EC0-301F-11D3-BF4B-00C04F79EFBC}") = "Omnicon.Challenge.View", "src\Omnicon.Challenge.View\Omnicon.Challenge.View.csproj", "{511742E3-190E-4BC5-AE82-8EDCC1BCF32C}"
EndProject
Project("{FAE04EC0-301F-11D3-BF4B-00C04F79EFBC}") = "Omnicon.Challenge.Controllers", "src\Omnicon.Challenge.Controllers\Omnicon.Challenge.Controllers.csproj", "{86F2C38F-CF71-471B-9A23-8CD19376B711}"
EndProject
Global
	GlobalSection(SolutionConfigurationPlatforms) = preSolution
		Debug|Any CPU = Debug|Any CPU
		Debug|x64 = Debug|x64
		Debug|x86 = Debug|x86
		Release|Any CPU = Release|Any CPU
		Release|x64 = Release|x64
		Release|x86 = Release|x86
	EndGlobalSection
	GlobalSection(SolutionProperties) = preSolution
		HideSolutionNode = FALSE
	EndGlobalSection
	GlobalSection(ProjectConfigurationPlatforms) = postSolution
		{511742E3-190E-4BC5-AE82-8EDCC1BCF32C}.Debug|Any CPU.ActiveCfg = Debug|Any CPU
		{511742E3-190E-4BC5-AE82-8EDCC1BCF32C}.Debug|Any CPU.Build.0 = Debug|Any CPU
		{511742E3-190E-4BC5-AE82-8EDCC1BCF32C}.Debug|x64.ActiveCfg = Debug|Any CPU
		{511742E3-190E-4BC5-AE82-8EDCC1BCF32C}.Debug|x64.Build.0 = Debug|Any CPU
		{511742E3-190E-4BC5-AE82-8EDCC1BCF32C}.Debug|x86.ActiveCfg = Debug|Any CPU
		{511742E3-190E-4BC5-AE82-8EDCC1BCF32C}.Debug|x86.Build.0 = Debug|Any CPU
		{511742E3-190E-4BC5-AE82-8EDCC1BCF32C}.Release|Any CPU.ActiveCfg = Release|Any CPU
		{511742E3-190E-4BC5-AE82-8EDCC1BCF32C}.Release|Any CPU.Build.0 = Release|Any CPU
		{511742E3-190E-4BC5-AE82-8EDCC1BCF32C}.Release|x64.ActiveCfg = Release|Any CPU
		{511742E3-190E-4BC5-AE82-8EDCC1BCF32C}.Release|x64.Build.0 = Release|Any CPU
		{511742E3-190E-4BC5-AE82-8EDCC1BCF32C}.Release|x86.ActiveCfg = Release|Any CPU
		{511742E3-190E-4BC5-AE82-8EDCC1BCF32C}.Release|x86.Build.0 = Release|Any CPU
		{86F2C38F-CF71-471B-9A23-8CD19376B711}.Debug|Any CPU.ActiveCfg = Debug|Any CPU
		{86F2C38F-CF71-471B-9A23-8CD19376B711}.Debug|Any CPU.Build.0 = Debug|Any CPU
		{86F2C38F-CF71-471B-9A23-8CD19376B711}.Debug|x64.ActiveCfg = Debug|Any CPU
		{86F2C38F-CF71-471B-9A23-8CD19376B711}.Debug|x64.Build.0 = Debug|Any CPU
		{86F2C38F-CF71-471B-9A23-8CD19376B711}.Debug|x86.ActiveCfg = Debug|Any CPU
		{86F2C38F-CF71-471B-9A23-8CD19376B711}.Debug|x86.Build.0 = Debug|Any CPU
		{86F2C38F-CF71-471B-9A23-8CD19376B711}.Release|Any CPU.ActiveCfg = Release|Any CPU
		{86F2C38F-CF71-471B-9A23-8CD19376B711}.Release|Any CPU.Build.0 = Release|Any CPU
		{86F2C38F-CF71-471B-9A23-8CD19376B711}.Release|x64.ActiveCfg = Release|Any CPU
		{86F2C38F-CF71-471B-9A23-8CD19376B711}.Release|x64.Build.0 = Release|Any CPU
		{86F2C38F-CF71-471B-9A23-8CD19376B711}.Release|x86.ActiveCfg = Release|Any CPU
		{86F2C38F-CF71-471B-9A23-8CD19376B711}.Release|x86.Build.0 = Release|Any CPU
	EndGlobalSection
	GlobalSection(NestedProjects) = preSolution
		{511742E3-190E-4BC5-AE82-8EDCC1BCF32C} = {FADF873B-67C1-431F-B0F8-87519716FEBC}
		{86F2C38F-CF71-471B-9A23-8CD19376B711} = {FADF873B-67C1-431F-B0F8-87519716FEBC}
	EndGlobalSection
EndGlobal
